$begin 'ConnectionParameters'
	DesktopProcessID=36452
	DesktopProcessPath='C:\\Program Files\\AnsysEM\\AnsysEM20.2\\Win64\\ansysedt.exe'
	LaunchedByWB=true
	$begin 'DesktopStubBlock'
		$begin 'CommDetails'
			TransportType=1
			IPAddress='197.239.190.148'
			ListenPort='55491'
			IPAddressVector[1: '192.168.1.34']
		$end 'CommDetails'
		$begin 'Marshall'
			InstanceID=503
			ProcID=36452
			InterfaceID=1
			FactoryIntID='DesktopInterfaceForWBProxyStubFactory'
		$end 'Marshall'
	$end 'DesktopStubBlock'
	$begin 'DesktopBackgroundObjStubBlock'
		$begin 'CommDetails'
			TransportType=1
			IPAddress='197.239.190.148'
			ListenPort='55491'
			IPAddressVector[1: '192.168.1.34']
		$end 'CommDetails'
		$begin 'Marshall'
			InstanceID=505
			ProcID=36452
			InterfaceID=2
			FactoryIntID='DesktopInterfaceForWBProxyStubFactory'
		$end 'Marshall'
	$end 'DesktopBackgroundObjStubBlock'
$end 'ConnectionParameters'
